// !$*UTF8*$!
{
	archiveVersion = 1;
	classes = {
	};
	objectVersion = 50;
	objects = {

/* Begin PBXBuildFile section */
		8D11CF93210EF2ED00552FAE /* PhotoOutsetNode.swift in Sources */ = {isa = PBXBuildFile; fileRef = 8D11CF92210EF2ED00552FAE /* PhotoOutsetNode.swift */; };
		8D11CF97210F1AF500552FAE /* Macaw.framework in Frameworks */ = {isa = PBXBuildFile; fileRef = 8D11CF96210F1AF500552FAE /* Macaw.framework */; };
		8D193E8820EB796100E0A388 /* AppDelegate.swift in Sources */ = {isa = PBXBuildFile; fileRef = 8D193E8720EB796100E0A388 /* AppDelegate.swift */; };
		8D193E8A20EB796100E0A388 /* ViewController.swift in Sources */ = {isa = PBXBuildFile; fileRef = 8D193E8920EB796100E0A388 /* ViewController.swift */; };
		8D193E8F20EB796300E0A388 /* Assets.xcassets in Resources */ = {isa = PBXBuildFile; fileRef = 8D193E8E20EB796300E0A388 /* Assets.xcassets */; };
		8D193E9220EB796300E0A388 /* LaunchScreen.storyboard in Resources */ = {isa = PBXBuildFile; fileRef = 8D193E9020EB796300E0A388 /* LaunchScreen.storyboard */; };
		8D59A54020EF251700BFE68B /* AsyncDisplayKit.framework in Frameworks */ = {isa = PBXBuildFile; fileRef = 8D59A53C20EF251700BFE68B /* AsyncDisplayKit.framework */; };
		8D59A54120EF251700BFE68B /* PINCache.framework in Frameworks */ = {isa = PBXBuildFile; fileRef = 8D59A53D20EF251700BFE68B /* PINCache.framework */; };
		8D59A54220EF251700BFE68B /* PINOperation.framework in Frameworks */ = {isa = PBXBuildFile; fileRef = 8D59A53E20EF251700BFE68B /* PINOperation.framework */; };
		8D59A54320EF251700BFE68B /* PINRemoteImage.framework in Frameworks */ = {isa = PBXBuildFile; fileRef = 8D59A53F20EF251700BFE68B /* PINRemoteImage.framework */; };
		8DBB7FCE2109A1A900FFB1FD /* CommerceItemNode.swift in Sources */ = {isa = PBXBuildFile; fileRef = 8DBB7FCD2109A1A900FFB1FD /* CommerceItemNode.swift */; };
		8DC6EB3420F71A8B008850A7 /* MainNode.swift in Sources */ = {isa = PBXBuildFile; fileRef = 8DC6EB3320F71A8B008850A7 /* MainNode.swift */; };
		8DC6EB3620F71AE7008850A7 /* CommandLogNode.swift in Sources */ = {isa = PBXBuildFile; fileRef = 8DC6EB3520F71AE7008850A7 /* CommandLogNode.swift */; };
		8DC6EB3820F74109008850A7 /* PhotoOverlayNode.swift in Sources */ = {isa = PBXBuildFile; fileRef = 8DC6EB3720F74109008850A7 /* PhotoOverlayNode.swift */; };
/* End PBXBuildFile section */

/* Begin PBXFileReference section */
		8D11CF92210EF2ED00552FAE /* PhotoOutsetNode.swift */ = {isa = PBXFileReference; lastKnownFileType = sourcecode.swift; path = PhotoOutsetNode.swift; sourceTree = "<group>"; };
		8D11CF96210F1AF500552FAE /* Macaw.framework */ = {isa = PBXFileReference; lastKnownFileType = wrapper.framework; name = Macaw.framework; path = Carthage/Build/iOS/Macaw.framework; sourceTree = "<group>"; };
		8D193E8420EB796100E0A388 /* TextureKitPlayground.app */ = {isa = PBXFileReference; explicitFileType = wrapper.application; includeInIndex = 0; path = TextureKitPlayground.app; sourceTree = BUILT_PRODUCTS_DIR; };
		8D193E8720EB796100E0A388 /* AppDelegate.swift */ = {isa = PBXFileReference; lastKnownFileType = sourcecode.swift; path = AppDelegate.swift; sourceTree = "<group>"; };
		8D193E8920EB796100E0A388 /* ViewController.swift */ = {isa = PBXFileReference; lastKnownFileType = sourcecode.swift; path = ViewController.swift; sourceTree = "<group>"; };
		8D193E8E20EB796300E0A388 /* Assets.xcassets */ = {isa = PBXFileReference; lastKnownFileType = folder.assetcatalog; path = Assets.xcassets; sourceTree = "<group>"; };
		8D193E9120EB796300E0A388 /* Base */ = {isa = PBXFileReference; lastKnownFileType = file.storyboard; name = Base; path = Base.lproj/LaunchScreen.storyboard; sourceTree = "<group>"; };
		8D193E9320EB796300E0A388 /* Info.plist */ = {isa = PBXFileReference; lastKnownFileType = text.plist.xml; path = Info.plist; sourceTree = "<group>"; };
		8D59A53C20EF251700BFE68B /* AsyncDisplayKit.framework */ = {isa = PBXFileReference; lastKnownFileType = wrapper.framework; name = AsyncDisplayKit.framework; path = Carthage/Build/iOS/AsyncDisplayKit.framework; sourceTree = "<group>"; };
		8D59A53D20EF251700BFE68B /* PINCache.framework */ = {isa = PBXFileReference; lastKnownFileType = wrapper.framework; name = PINCache.framework; path = Carthage/Build/iOS/PINCache.framework; sourceTree = "<group>"; };
		8D59A53E20EF251700BFE68B /* PINOperation.framework */ = {isa = PBXFileReference; lastKnownFileType = wrapper.framework; name = PINOperation.framework; path = Carthage/Build/iOS/PINOperation.framework; sourceTree = "<group>"; };
		8D59A53F20EF251700BFE68B /* PINRemoteImage.framework */ = {isa = PBXFileReference; lastKnownFileType = wrapper.framework; name = PINRemoteImage.framework; path = Carthage/Build/iOS/PINRemoteImage.framework; sourceTree = "<group>"; };
		8DBB7FCD2109A1A900FFB1FD /* CommerceItemNode.swift */ = {isa = PBXFileReference; lastKnownFileType = sourcecode.swift; path = CommerceItemNode.swift; sourceTree = "<group>"; };
		8DC6EB3320F71A8B008850A7 /* MainNode.swift */ = {isa = PBXFileReference; fileEncoding = 4; lastKnownFileType = sourcecode.swift; path = MainNode.swift; sourceTree = "<group>"; };
		8DC6EB3520F71AE7008850A7 /* CommandLogNode.swift */ = {isa = PBXFileReference; lastKnownFileType = sourcecode.swift; path = CommandLogNode.swift; sourceTree = "<group>"; };
		8DC6EB3720F74109008850A7 /* PhotoOverlayNode.swift */ = {isa = PBXFileReference; lastKnownFileType = sourcecode.swift; path = PhotoOverlayNode.swift; sourceTree = "<group>"; };
/* End PBXFileReference section */

/* Begin PBXFrameworksBuildPhase section */
		8D193E8120EB796100E0A388 /* Frameworks */ = {
			isa = PBXFrameworksBuildPhase;
			buildActionMask = 2147483647;
			files = (
				8D59A54020EF251700BFE68B /* AsyncDisplayKit.framework in Frameworks */,
				8D11CF97210F1AF500552FAE /* Macaw.framework in Frameworks */,
				8D59A54220EF251700BFE68B /* PINOperation.framework in Frameworks */,
				8D59A54320EF251700BFE68B /* PINRemoteImage.framework in Frameworks */,
				8D59A54120EF251700BFE68B /* PINCache.framework in Frameworks */,
			);
			runOnlyForDeploymentPostprocessing = 0;
		};
/* End PBXFrameworksBuildPhase section */

/* Begin PBXGroup section */
		8D193E7B20EB796100E0A388 = {
			isa = PBXGroup;
			children = (
				8D193E8620EB796100E0A388 /* TextureKitPlayground */,
				8D193E8520EB796100E0A388 /* Products */,
				8D59A53B20EF24FA00BFE68B /* Frameworks */,
			);
			sourceTree = "<group>";
		};
		8D193E8520EB796100E0A388 /* Products */ = {
			isa = PBXGroup;
			children = (
				8D193E8420EB796100E0A388 /* TextureKitPlayground.app */,
			);
			name = Products;
			sourceTree = "<group>";
		};
		8D193E8620EB796100E0A388 /* TextureKitPlayground */ = {
			isa = PBXGroup;
			children = (
				8DC6EB3220F71A72008850A7 /* Nodes */,
				8D193E8720EB796100E0A388 /* AppDelegate.swift */,
				8D193E8920EB796100E0A388 /* ViewController.swift */,
				8D193E8E20EB796300E0A388 /* Assets.xcassets */,
				8D193E9020EB796300E0A388 /* LaunchScreen.storyboard */,
				8D193E9320EB796300E0A388 /* Info.plist */,
			);
			path = TextureKitPlayground;
			sourceTree = "<group>";
		};
		8D59A53B20EF24FA00BFE68B /* Frameworks */ = {
			isa = PBXGroup;
			children = (
				8D11CF96210F1AF500552FAE /* Macaw.framework */,
				8D59A53C20EF251700BFE68B /* AsyncDisplayKit.framework */,
				8D59A53D20EF251700BFE68B /* PINCache.framework */,
				8D59A53E20EF251700BFE68B /* PINOperation.framework */,
				8D59A53F20EF251700BFE68B /* PINRemoteImage.framework */,
			);
			name = Frameworks;
			sourceTree = "<group>";
		};
		8DC6EB3220F71A72008850A7 /* Nodes */ = {
			isa = PBXGroup;
			children = (
				8DC6EB3320F71A8B008850A7 /* MainNode.swift */,
				8DC6EB3520F71AE7008850A7 /* CommandLogNode.swift */,
				8DC6EB3720F74109008850A7 /* PhotoOverlayNode.swift */,
				8DBB7FCD2109A1A900FFB1FD /* CommerceItemNode.swift */,
				8D11CF92210EF2ED00552FAE /* PhotoOutsetNode.swift */,
			);
			path = Nodes;
			sourceTree = "<group>";
		};
/* End PBXGroup section */

/* Begin PBXNativeTarget section */
		8D193E8320EB796100E0A388 /* TextureKitPlayground */ = {
			isa = PBXNativeTarget;
			buildConfigurationList = 8D193E9620EB796300E0A388 /* Build configuration list for PBXNativeTarget "TextureKitPlayground" */;
			buildPhases = (
				8D193E8020EB796100E0A388 /* Sources */,
				8D193E8120EB796100E0A388 /* Frameworks */,
				8D193E8220EB796100E0A388 /* Resources */,
				8D59A54420EF252100BFE68B /* Copy Carthage Frameworks */,
			);
			buildRules = (
			);
			dependencies = (
			);
			name = TextureKitPlayground;
			productName = TextureKitPlayground;
			productReference = 8D193E8420EB796100E0A388 /* TextureKitPlayground.app */;
			productType = "com.apple.product-type.application";
		};
/* End PBXNativeTarget section */

/* Begin PBXProject section */
		8D193E7C20EB796100E0A388 /* Project object */ = {
			isa = PBXProject;
			attributes = {
				LastSwiftUpdateCheck = 0940;
				LastUpgradeCheck = 0940;
				ORGANIZATIONNAME = "Ricardo Pramana Suranta";
				TargetAttributes = {
					8D193E8320EB796100E0A388 = {
						CreatedOnToolsVersion = 9.4.1;
					};
				};
			};
			buildConfigurationList = 8D193E7F20EB796100E0A388 /* Build configuration list for PBXProject "TextureKitPlayground" */;
			compatibilityVersion = "Xcode 9.3";
			developmentRegion = en;
			hasScannedForEncodings = 0;
			knownRegions = (
				en,
				Base,
			);
			mainGroup = 8D193E7B20EB796100E0A388;
			productRefGroup = 8D193E8520EB796100E0A388 /* Products */;
			projectDirPath = "";
			projectRoot = "";
			targets = (
				8D193E8320EB796100E0A388 /* TextureKitPlayground */,
			);
		};
/* End PBXProject section */

/* Begin PBXResourcesBuildPhase section */
		8D193E8220EB796100E0A388 /* Resources */ = {
			isa = PBXResourcesBuildPhase;
			buildActionMask = 2147483647;
			files = (
				8D193E9220EB796300E0A388 /* LaunchScreen.storyboard in Resources */,
				8D193E8F20EB796300E0A388 /* Assets.xcassets in Resources */,
			);
			runOnlyForDeploymentPostprocessing = 0;
		};
/* End PBXResourcesBuildPhase section */

/* Begin PBXShellScriptBuildPhase section */
		8D59A54420EF252100BFE68B /* Copy Carthage Frameworks */ = {
			isa = PBXShellScriptBuildPhase;
			buildActionMask = 2147483647;
			files = (
			);
			inputPaths = (
				"$(SRCROOT)/Carthage/Build/iOS/AsyncDisplayKit.framework",
				"$(SRCROOT)/Carthage/Build/iOS/PINCache.framework",
				"$(SRCROOT)/Carthage/Build/iOS/PINOperation.framework",
				"$(SRCROOT)/Carthage/Build/iOS/PINRemoteImage.framework",
				"$(SRCROOT)/Carthage/Build/iOS/Macaw.framework",
			);
			name = "Copy Carthage Frameworks";
			outputPaths = (
			);
			runOnlyForDeploymentPostprocessing = 0;
			shellPath = /bin/sh;
			shellScript = "/usr/local/bin/carthage copy-frameworks";
		};
/* End PBXShellScriptBuildPhase section */

/* Begin PBXSourcesBuildPhase section */
		8D193E8020EB796100E0A388 /* Sources */ = {
			isa = PBXSourcesBuildPhase;
			buildActionMask = 2147483647;
			files = (
				8DC6EB3420F71A8B008850A7 /* MainNode.swift in Sources */,
				8D193E8A20EB796100E0A388 /* ViewController.swift in Sources */,
				8DC6EB3620F71AE7008850A7 /* CommandLogNode.swift in Sources */,
				8DBB7FCE2109A1A900FFB1FD /* CommerceItemNode.swift in Sources */,
				8D193E8820EB796100E0A388 /* AppDelegate.swift in Sources */,
				8D11CF93210EF2ED00552FAE /* PhotoOutsetNode.swift in Sources */,
				8DC6EB3820F74109008850A7 /* PhotoOverlayNode.swift in Sources */,
			);
			runOnlyForDeploymentPostprocessing = 0;
		};
/* End PBXSourcesBuildPhase section */

/* Begin PBXVariantGroup section */
		8D193E9020EB796300E0A388 /* LaunchScreen.storyboard */ = {
			isa = PBXVariantGroup;
			children = (
				8D193E9120EB796300E0A388 /* Base */,
			);
			name = LaunchScreen.storyboard;
			sourceTree = "<group>";
		};
/* End PBXVariantGroup section */

/* Begin XCBuildConfiguration section */
		8D193E9420EB796300E0A388 /* Debug */ = {
			isa = XCBuildConfiguration;
			buildSettings = {
				ALWAYS_SEARCH_USER_PATHS = NO;
				CLANG_ANALYZER_NONNULL = YES;
				CLANG_ANALYZER_NUMBER_OBJECT_CONVERSION = YES_AGGRESSIVE;
				CLANG_CXX_LANGUAGE_STANDARD = "gnu++14";
				CLANG_CXX_LIBRARY = "libc++";
				CLANG_ENABLE_MODULES = YES;
				CLANG_ENABLE_OBJC_ARC = YES;
				CLANG_ENABLE_OBJC_WEAK = YES;
				CLANG_WARN_BLOCK_CAPTURE_AUTORELEASING = YES;
				CLANG_WARN_BOOL_CONVERSION = YES;
				CLANG_WARN_COMMA = YES;
				CLANG_WARN_CONSTANT_CONVERSION = YES;
				CLANG_WARN_DEPRECATED_OBJC_IMPLEMENTATIONS = YES;
				CLANG_WARN_DIRECT_OBJC_ISA_USAGE = YES_ERROR;
				CLANG_WARN_DOCUMENTATION_COMMENTS = YES;
				CLANG_WARN_EMPTY_BODY = YES;
				CLANG_WARN_ENUM_CONVERSION = YES;
				CLANG_WARN_INFINITE_RECURSION = YES;
				CLANG_WARN_INT_CONVERSION = YES;
				CLANG_WARN_NON_LITERAL_NULL_CONVERSION = YES;
				CLANG_WARN_OBJC_IMPLICIT_RETAIN_SELF = YES;
				CLANG_WARN_OBJC_LITERAL_CONVERSION = YES;
				CLANG_WARN_OBJC_ROOT_CLASS = YES_ERROR;
				CLANG_WARN_RANGE_LOOP_ANALYSIS = YES;
				CLANG_WARN_STRICT_PROTOTYPES = YES;
				CLANG_WARN_SUSPICIOUS_MOVE = YES;
				CLANG_WARN_UNGUARDED_AVAILABILITY = YES_AGGRESSIVE;
				CLANG_WARN_UNREACHABLE_CODE = YES;
				CLANG_WARN__DUPLICATE_METHOD_MATCH = YES;
				CODE_SIGN_IDENTITY = "iPhone Developer";
				COPY_PHASE_STRIP = NO;
				DEBUG_INFORMATION_FORMAT = dwarf;
				ENABLE_STRICT_OBJC_MSGSEND = YES;
				ENABLE_TESTABILITY = YES;
				GCC_C_LANGUAGE_STANDARD = gnu11;
				GCC_DYNAMIC_NO_PIC = NO;
				GCC_NO_COMMON_BLOCKS = YES;
				GCC_OPTIMIZATION_LEVEL = 0;
				GCC_PREPROCESSOR_DEFINITIONS = (
					"DEBUG=1",
					"$(inherited)",
				);
				GCC_WARN_64_TO_32_BIT_CONVERSION = YES;
				GCC_WARN_ABOUT_RETURN_TYPE = YES_ERROR;
				GCC_WARN_UNDECLARED_SELECTOR = YES;
				GCC_WARN_UNINITIALIZED_AUTOS = YES_AGGRESSIVE;
				GCC_WARN_UNUSED_FUNCTION = YES;
				GCC_WARN_UNUSED_VARIABLE = YES;
				IPHONEOS_DEPLOYMENT_TARGET = 11.4;
				MTL_ENABLE_DEBUG_INFO = YES;
				ONLY_ACTIVE_ARCH = YES;
				SDKROOT = iphoneos;
				SWIFT_ACTIVE_COMPILATION_CONDITIONS = DEBUG;
				SWIFT_OPTIMIZATION_LEVEL = "-Onone";
			};
			name = Debug;
		};
		8D193E9520EB796300E0A388 /* Release */ = {
			isa = XCBuildConfiguration;
			buildSettings = {
				ALWAYS_SEARCH_USER_PATHS = NO;
				CLANG_ANALYZER_NONNULL = YES;
				CLANG_ANALYZER_NUMBER_OBJECT_CONVERSION = YES_AGGRESSIVE;
				CLANG_CXX_LANGUAGE_STANDARD = "gnu++14";
				CLANG_CXX_LIBRARY = "libc++";
				CLANG_ENABLE_MODULES = YES;
				CLANG_ENABLE_OBJC_ARC = YES;
				CLANG_ENABLE_OBJC_WEAK = YES;
				CLANG_WARN_BLOCK_CAPTURE_AUTORELEASING = YES;
				CLANG_WARN_BOOL_CONVERSION = YES;
				CLANG_WARN_COMMA = YES;
				CLANG_WARN_CONSTANT_CONVERSION = YES;
				CLANG_WARN_DEPRECATED_OBJC_IMPLEMENTATIONS = YES;
				CLANG_WARN_DIRECT_OBJC_ISA_USAGE = YES_ERROR;
				CLANG_WARN_DOCUMENTATION_COMMENTS = YES;
				CLANG_WARN_EMPTY_BODY = YES;
				CLANG_WARN_ENUM_CONVERSION = YES;
				CLANG_WARN_INFINITE_RECURSION = YES;
				CLANG_WARN_INT_CONVERSION = YES;
				CLANG_WARN_NON_LITERAL_NULL_CONVERSION = YES;
				CLANG_WARN_OBJC_IMPLICIT_RETAIN_SELF = YES;
				CLANG_WARN_OBJC_LITERAL_CONVERSION = YES;
				CLANG_WARN_OBJC_ROOT_CLASS = YES_ERROR;
				CLANG_WARN_RANGE_LOOP_ANALYSIS = YES;
				CLANG_WARN_STRICT_PROTOTYPES = YES;
				CLANG_WARN_SUSPICIOUS_MOVE = YES;
				CLANG_WARN_UNGUARDED_AVAILABILITY = YES_AGGRESSIVE;
				CLANG_WARN_UNREACHABLE_CODE = YES;
				CLANG_WARN__DUPLICATE_METHOD_MATCH = YES;
				CODE_SIGN_IDENTITY = "iPhone Developer";
				COPY_PHASE_STRIP = NO;
				DEBUG_INFORMATION_FORMAT = "dwarf-with-dsym";
				ENABLE_NS_ASSERTIONS = NO;
				ENABLE_STRICT_OBJC_MSGSEND = YES;
				GCC_C_LANGUAGE_STANDARD = gnu11;
				GCC_NO_COMMON_BLOCKS = YES;
				GCC_WARN_64_TO_32_BIT_CONVERSION = YES;
				GCC_WARN_ABOUT_RETURN_TYPE = YES_ERROR;
				GCC_WARN_UNDECLARED_SELECTOR = YES;
				GCC_WARN_UNINITIALIZED_AUTOS = YES_AGGRESSIVE;
				GCC_WARN_UNUSED_FUNCTION = YES;
				GCC_WARN_UNUSED_VARIABLE = YES;
				IPHONEOS_DEPLOYMENT_TARGET = 11.4;
				MTL_ENABLE_DEBUG_INFO = NO;
				SDKROOT = iphoneos;
				SWIFT_COMPILATION_MODE = wholemodule;
				SWIFT_OPTIMIZATION_LEVEL = "-O";
				VALIDATE_PRODUCT = YES;
			};
			name = Release;
		};
		8D193E9720EB796300E0A388 /* Debug */ = {
			isa = XCBuildConfiguration;
			buildSettings = {
				ASSETCATALOG_COMPILER_APPICON_NAME = AppIcon;
				CODE_SIGN_STYLE = Automatic;
				DEVELOPMENT_TEAM = GX458V4RKG;
				FRAMEWORK_SEARCH_PATHS = (
					"$(inherited)",
					"$(PROJECT_DIR)/Carthage/Build/iOS",
				);
				INFOPLIST_FILE = TextureKitPlayground/Info.plist;
				LD_RUNPATH_SEARCH_PATHS = (
					"$(inherited)",
					"@executable_path/Frameworks",
				);
				PRODUCT_BUNDLE_IDENTIFIER = net.edopelawi.TextureKitPlayground;
				PRODUCT_NAME = "$(TARGET_NAME)";
				SWIFT_VERSION = 4.0;
				TARGETED_DEVICE_FAMILY = "1,2";
			};
			name = Debug;
		};
		8D193E9820EB796300E0A388 /* Release */ = {
			isa = XCBuildConfiguration;
			buildSettings = {
				ASSETCATALOG_COMPILER_APPICON_NAME = AppIcon;
				CODE_SIGN_STYLE = Automatic;
				DEVELOPMENT_TEAM = GX458V4RKG;
				FRAMEWORK_SEARCH_PATHS = (
					"$(inherited)",
					"$(PROJECT_DIR)/Carthage/Build/iOS",
				);
				INFOPLIST_FILE = TextureKitPlayground/Info.plist;
				LD_RUNPATH_SEARCH_PATHS = (
					"$(inherited)",
					"@executable_path/Frameworks",
				);
				PRODUCT_BUNDLE_IDENTIFIER = net.edopelawi.TextureKitPlayground;
				PRODUCT_NAME = "$(TARGET_NAME)";
				SWIFT_VERSION = 4.0;
				TARGETED_DEVICE_FAMILY = "1,2";
			};
			name = Release;
		};
/* End XCBuildConfiguration section */

/* Begin XCConfigurationList section */
		8D193E7F20EB796100E0A388 /* Build configuration list for PBXProject "TextureKitPlayground" */ = {
			isa = XCConfigurationList;
			buildConfigurations = (
				8D193E9420EB796300E0A388 /* Debug */,
				8D193E9520EB796300E0A388 /* Release */,
			);
			defaultConfigurationIsVisible = 0;
			defaultConfigurationName = Release;
		};
		8D193E9620EB796300E0A388 /* Build configuration list for PBXNativeTarget "TextureKitPlayground" */ = {
			isa = XCConfigurationList;
			buildConfigurations = (
				8D193E9720EB796300E0A388 /* Debug */,
				8D193E9820EB796300E0A388 /* Release */,
			);
			defaultConfigurationIsVisible = 0;
			defaultConfigurationName = Release;
		};
/* End XCConfigurationList section */
	};
	rootObject = 8D193E7C20EB796100E0A388 /* Project object */;
}
